
Microsoft Visual Studio Solution File, Format Version 12.00
# Visual Studio Version 16
VisualStudioVersion = 16.0.30114.105
MinimumVisualStudioVersion = 10.0.40219.1
Project("{FAE04EC0-301F-11D3-BF4B-00C04F79EFBC}") = "library", "library\library.csproj", "{13973DCE-4822-440C-93C8-2873EB062E52}"
EndProject
Project("{FAE04EC0-301F-11D3-BF4B-00C04F79EFBC}") = "studentsProject", "studentsProject\studentsProject.csproj", "{D8053EB0-35DC-4DEB-AB6E-048E5563D6F0}"
EndProject
Project("{FAE04EC0-301F-11D3-BF4B-00C04F79EFBC}") = "studentsProject", "studentsProject.csproj", "{5F5DC0D5-53B3-4F19-982F-466241361136}"
EndProject
Global
	GlobalSection(SolutionConfigurationPlatforms) = preSolution
		Debug|Any CPU = Debug|Any CPU
		Debug|x64 = Debug|x64
		Debug|x86 = Debug|x86
		Release|Any CPU = Release|Any CPU
		Release|x64 = Release|x64
		Release|x86 = Release|x86
	EndGlobalSection
	GlobalSection(SolutionProperties) = preSolution
		HideSolutionNode = FALSE
	EndGlobalSection
	GlobalSection(ProjectConfigurationPlatforms) = postSolution
		{13973DCE-4822-440C-93C8-2873EB062E52}.Debug|Any CPU.ActiveCfg = Debug|Any CPU
		{13973DCE-4822-440C-93C8-2873EB062E52}.Debug|Any CPU.Build.0 = Debug|Any CPU
		{13973DCE-4822-440C-93C8-2873EB062E52}.Debug|x64.ActiveCfg = Debug|Any CPU
		{13973DCE-4822-440C-93C8-2873EB062E52}.Debug|x64.Build.0 = Debug|Any CPU
		{13973DCE-4822-440C-93C8-2873EB062E52}.Debug|x86.ActiveCfg = Debug|Any CPU
		{13973DCE-4822-440C-93C8-2873EB062E52}.Debug|x86.Build.0 = Debug|Any CPU
		{13973DCE-4822-440C-93C8-2873EB062E52}.Release|Any CPU.ActiveCfg = Release|Any CPU
		{13973DCE-4822-440C-93C8-2873EB062E52}.Release|Any CPU.Build.0 = Release|Any CPU
		{13973DCE-4822-440C-93C8-2873EB062E52}.Release|x64.ActiveCfg = Release|Any CPU
		{13973DCE-4822-440C-93C8-2873EB062E52}.Release|x64.Build.0 = Release|Any CPU
		{13973DCE-4822-440C-93C8-2873EB062E52}.Release|x86.ActiveCfg = Release|Any CPU
		{13973DCE-4822-440C-93C8-2873EB062E52}.Release|x86.Build.0 = Release|Any CPU
		{D8053EB0-35DC-4DEB-AB6E-048E5563D6F0}.Debug|Any CPU.ActiveCfg = Debug|Any CPU
		{D8053EB0-35DC-4DEB-AB6E-048E5563D6F0}.Debug|Any CPU.Build.0 = Debug|Any CPU
		{D8053EB0-35DC-4DEB-AB6E-048E5563D6F0}.Debug|x64.ActiveCfg = Debug|Any CPU
		{D8053EB0-35DC-4DEB-AB6E-048E5563D6F0}.Debug|x64.Build.0 = Debug|Any CPU
		{D8053EB0-35DC-4DEB-AB6E-048E5563D6F0}.Debug|x86.ActiveCfg = Debug|Any CPU
		{D8053EB0-35DC-4DEB-AB6E-048E5563D6F0}.Debug|x86.Build.0 = Debug|Any CPU
		{D8053EB0-35DC-4DEB-AB6E-048E5563D6F0}.Release|Any CPU.ActiveCfg = Release|Any CPU
		{D8053EB0-35DC-4DEB-AB6E-048E5563D6F0}.Release|Any CPU.Build.0 = Release|Any CPU
		{D8053EB0-35DC-4DEB-AB6E-048E5563D6F0}.Release|x64.ActiveCfg = Release|Any CPU
		{D8053EB0-35DC-4DEB-AB6E-048E5563D6F0}.Release|x64.Build.0 = Release|Any CPU
		{D8053EB0-35DC-4DEB-AB6E-048E5563D6F0}.Release|x86.ActiveCfg = Release|Any CPU
		{D8053EB0-35DC-4DEB-AB6E-048E5563D6F0}.Release|x86.Build.0 = Release|Any CPU
		{5F5DC0D5-53B3-4F19-982F-466241361136}.Debug|Any CPU.ActiveCfg = Debug|Any CPU
		{5F5DC0D5-53B3-4F19-982F-466241361136}.Debug|Any CPU.Build.0 = Debug|Any CPU
		{5F5DC0D5-53B3-4F19-982F-466241361136}.Debug|x64.ActiveCfg = Debug|Any CPU
		{5F5DC0D5-53B3-4F19-982F-466241361136}.Debug|x64.Build.0 = Debug|Any CPU
		{5F5DC0D5-53B3-4F19-982F-466241361136}.Debug|x86.ActiveCfg = Debug|Any CPU
		{5F5DC0D5-53B3-4F19-982F-466241361136}.Debug|x86.Build.0 = Debug|Any CPU
		{5F5DC0D5-53B3-4F19-982F-466241361136}.Release|Any CPU.ActiveCfg = Release|Any CPU
		{5F5DC0D5-53B3-4F19-982F-466241361136}.Release|Any CPU.Build.0 = Release|Any CPU
		{5F5DC0D5-53B3-4F19-982F-466241361136}.Release|x64.ActiveCfg = Release|Any CPU
		{5F5DC0D5-53B3-4F19-982F-466241361136}.Release|x64.Build.0 = Release|Any CPU
		{5F5DC0D5-53B3-4F19-982F-466241361136}.Release|x86.ActiveCfg = Release|Any CPU
		{5F5DC0D5-53B3-4F19-982F-466241361136}.Release|x86.Build.0 = Release|Any CPU
	EndGlobalSection
EndGlobal
